
Microsoft Visual Studio Solution File, Format Version 12.00
# Visual Studio 15
VisualStudioVersion = 15.0.28307.1082
MinimumVisualStudioVersion = 10.0.40219.1
Project("{FAE04EC0-301F-11D3-BF4B-00C04F79EFBC}") = "Ch12Ex01", "Ch12Ex01.csproj", "{177FE58E-FF72-4854-81E0-7F917FA6225E}"
EndProject
Global
	GlobalSection(SolutionConfigurationPlatforms) = preSolution
		Debug|Any CPU = Debug|Any CPU
		Release|Any CPU = Release|Any CPU
	EndGlobalSection
	GlobalSection(ProjectConfigurationPlatforms) = postSolution
		{177FE58E-FF72-4854-81E0-7F917FA6225E}.Debug|Any CPU.ActiveCfg = Debug|Any CPU
		{177FE58E-FF72-4854-81E0-7F917FA6225E}.Debug|Any CPU.Build.0 = Debug|Any CPU
		{177FE58E-FF72-4854-81E0-7F917FA6225E}.Release|Any CPU.ActiveCfg = Release|Any CPU
		{177FE58E-FF72-4854-81E0-7F917FA6225E}.Release|Any CPU.Build.0 = Release|Any CPU
	EndGlobalSection
	GlobalSection(SolutionProperties) = preSolution
		HideSolutionNode = FALSE
	EndGlobalSection
	GlobalSection(ExtensibilityGlobals) = postSolution
		SolutionGuid = {F1DEA0D3-104E-4B04-A905-6C37342B17B5}
	EndGlobalSection
EndGlobal
