
Microsoft Visual Studio Solution File, Format Version 12.00
# Visual Studio 15
VisualStudioVersion = 15.0.28307.1082
MinimumVisualStudioVersion = 10.0.40219.1
Project("{FAE04EC0-301F-11D3-BF4B-00C04F79EFBC}") = "Ch06Ex05", "Ch06Ex05.csproj", "{FFF24DE5-4E3D-4EAE-8060-3AF1DA97A80E}"
EndProject
Global
	GlobalSection(SolutionConfigurationPlatforms) = preSolution
		Debug|Any CPU = Debug|Any CPU
		Release|Any CPU = Release|Any CPU
	EndGlobalSection
	GlobalSection(ProjectConfigurationPlatforms) = postSolution
		{FFF24DE5-4E3D-4EAE-8060-3AF1DA97A80E}.Debug|Any CPU.ActiveCfg = Debug|Any CPU
		{FFF24DE5-4E3D-4EAE-8060-3AF1DA97A80E}.Debug|Any CPU.Build.0 = Debug|Any CPU
		{FFF24DE5-4E3D-4EAE-8060-3AF1DA97A80E}.Release|Any CPU.ActiveCfg = Release|Any CPU
		{FFF24DE5-4E3D-4EAE-8060-3AF1DA97A80E}.Release|Any CPU.Build.0 = Release|Any CPU
	EndGlobalSection
	GlobalSection(SolutionProperties) = preSolution
		HideSolutionNode = FALSE
	EndGlobalSection
	GlobalSection(ExtensibilityGlobals) = postSolution
		SolutionGuid = {27FB8CC7-5D43-427C-AD6E-3EA4D9006C1F}
	EndGlobalSection
EndGlobal
