
Microsoft Visual Studio Solution File, Format Version 12.00
# Visual Studio 15
VisualStudioVersion = 15.0.28307.1082
MinimumVisualStudioVersion = 10.0.40219.1
Project("{FAE04EC0-301F-11D3-BF4B-00C04F79EFBC}") = "Ch06Ex02", "Ch06Ex02.csproj", "{570407C1-6109-4570-8E4C-0C43F69674BF}"
EndProject
Global
	GlobalSection(SolutionConfigurationPlatforms) = preSolution
		Debug|Any CPU = Debug|Any CPU
		Release|Any CPU = Release|Any CPU
	EndGlobalSection
	GlobalSection(ProjectConfigurationPlatforms) = postSolution
		{570407C1-6109-4570-8E4C-0C43F69674BF}.Debug|Any CPU.ActiveCfg = Debug|Any CPU
		{570407C1-6109-4570-8E4C-0C43F69674BF}.Debug|Any CPU.Build.0 = Debug|Any CPU
		{570407C1-6109-4570-8E4C-0C43F69674BF}.Release|Any CPU.ActiveCfg = Release|Any CPU
		{570407C1-6109-4570-8E4C-0C43F69674BF}.Release|Any CPU.Build.0 = Release|Any CPU
	EndGlobalSection
	GlobalSection(SolutionProperties) = preSolution
		HideSolutionNode = FALSE
	EndGlobalSection
	GlobalSection(ExtensibilityGlobals) = postSolution
		SolutionGuid = {E1629931-B52C-4B0E-B949-BB0C933F38FB}
	EndGlobalSection
EndGlobal
