
Microsoft Visual Studio Solution File, Format Version 12.00
# Visual Studio 15
VisualStudioVersion = 15.0.28307.1082
MinimumVisualStudioVersion = 10.0.40219.1
Project("{FAE04EC0-301F-11D3-BF4B-00C04F79EFBC}") = "Ch13Ex06", "Ch13Ex06.csproj", "{9ACE26E7-2DF4-48A4-8A71-2EAEDBAC16E0}"
EndProject
Global
	GlobalSection(SolutionConfigurationPlatforms) = preSolution
		Debug|Any CPU = Debug|Any CPU
		Release|Any CPU = Release|Any CPU
	EndGlobalSection
	GlobalSection(ProjectConfigurationPlatforms) = postSolution
		{9ACE26E7-2DF4-48A4-8A71-2EAEDBAC16E0}.Debug|Any CPU.ActiveCfg = Debug|Any CPU
		{9ACE26E7-2DF4-48A4-8A71-2EAEDBAC16E0}.Debug|Any CPU.Build.0 = Debug|Any CPU
		{9ACE26E7-2DF4-48A4-8A71-2EAEDBAC16E0}.Release|Any CPU.ActiveCfg = Release|Any CPU
		{9ACE26E7-2DF4-48A4-8A71-2EAEDBAC16E0}.Release|Any CPU.Build.0 = Release|Any CPU
	EndGlobalSection
	GlobalSection(SolutionProperties) = preSolution
		HideSolutionNode = FALSE
	EndGlobalSection
	GlobalSection(ExtensibilityGlobals) = postSolution
		SolutionGuid = {F73EEE6C-5504-4BE1-BCE3-EA0D6C60BB33}
	EndGlobalSection
EndGlobal
