
Microsoft Visual Studio Solution File, Format Version 12.00
# Visual Studio 15
VisualStudioVersion = 15.0.28307.1082
MinimumVisualStudioVersion = 10.0.40219.1
Project("{FAE04EC0-301F-11D3-BF4B-00C04F79EFBC}") = "Ch06Ex01", "Ch06Ex01.csproj", "{38C207D2-EC4D-412C-BDB7-6ECDD7893B94}"
EndProject
Global
	GlobalSection(SolutionConfigurationPlatforms) = preSolution
		Debug|Any CPU = Debug|Any CPU
		Release|Any CPU = Release|Any CPU
	EndGlobalSection
	GlobalSection(ProjectConfigurationPlatforms) = postSolution
		{38C207D2-EC4D-412C-BDB7-6ECDD7893B94}.Debug|Any CPU.ActiveCfg = Debug|Any CPU
		{38C207D2-EC4D-412C-BDB7-6ECDD7893B94}.Debug|Any CPU.Build.0 = Debug|Any CPU
		{38C207D2-EC4D-412C-BDB7-6ECDD7893B94}.Release|Any CPU.ActiveCfg = Release|Any CPU
		{38C207D2-EC4D-412C-BDB7-6ECDD7893B94}.Release|Any CPU.Build.0 = Release|Any CPU
	EndGlobalSection
	GlobalSection(SolutionProperties) = preSolution
		HideSolutionNode = FALSE
	EndGlobalSection
	GlobalSection(ExtensibilityGlobals) = postSolution
		SolutionGuid = {AAC652D0-5E65-4806-B5D2-59A839364599}
	EndGlobalSection
EndGlobal
